
Microsoft Visual Studio Solution File, Format Version 12.00
# Visual Studio 15
VisualStudioVersion = 15.0.26228.4
MinimumVisualStudioVersion = 10.0.40219.1
Project("{FAE04EC0-301F-11D3-BF4B-00C04F79EFBC}") = "Schaf", "Schaf\Schaf\Schaf.csproj", "{692E9BAB-E7D1-4123-BFFA-F3AF0E5190A0}"
EndProject
Project("{FAE04EC0-301F-11D3-BF4B-00C04F79EFBC}") = "Schaf.Android", "Schaf\Schaf.Android\Schaf.Android.csproj", "{B3E672EB-EED4-4064-96AA-7F4C795D8A41}"
EndProject
Project("{FAE04EC0-301F-11D3-BF4B-00C04F79EFBC}") = "Schaf.iOS", "Schaf\Schaf.iOS\Schaf.iOS.csproj", "{896FB426-A751-4D0C-A6E7-E61C4A072236}"
EndProject
Project("{FAE04EC0-301F-11D3-BF4B-00C04F79EFBC}") = "Schaf.UWP", "Schaf\Schaf.UWP\Schaf.UWP.csproj", "{EF35030E-F317-4278-AF34-AFB3497415DF}"
EndProject
Global
	GlobalSection(SolutionConfigurationPlatforms) = preSolution
		Debug|Any CPU = Debug|Any CPU
		Debug|ARM = Debug|ARM
		Debug|iPhone = Debug|iPhone
		Debug|iPhoneSimulator = Debug|iPhoneSimulator
		Debug|x64 = Debug|x64
		Debug|x86 = Debug|x86
		Release|Any CPU = Release|Any CPU
		Release|ARM = Release|ARM
		Release|iPhone = Release|iPhone
		Release|iPhoneSimulator = Release|iPhoneSimulator
		Release|x64 = Release|x64
		Release|x86 = Release|x86
	EndGlobalSection
	GlobalSection(ProjectConfigurationPlatforms) = postSolution
		{692E9BAB-E7D1-4123-BFFA-F3AF0E5190A0}.Debug|Any CPU.ActiveCfg = Debug|Any CPU
		{692E9BAB-E7D1-4123-BFFA-F3AF0E5190A0}.Debug|Any CPU.Build.0 = Debug|Any CPU
		{692E9BAB-E7D1-4123-BFFA-F3AF0E5190A0}.Debug|ARM.ActiveCfg = Debug|Any CPU
		{692E9BAB-E7D1-4123-BFFA-F3AF0E5190A0}.Debug|ARM.Build.0 = Debug|Any CPU
		{692E9BAB-E7D1-4123-BFFA-F3AF0E5190A0}.Debug|iPhone.ActiveCfg = Debug|Any CPU
		{692E9BAB-E7D1-4123-BFFA-F3AF0E5190A0}.Debug|iPhone.Build.0 = Debug|Any CPU
		{692E9BAB-E7D1-4123-BFFA-F3AF0E5190A0}.Debug|iPhoneSimulator.ActiveCfg = Debug|Any CPU
		{692E9BAB-E7D1-4123-BFFA-F3AF0E5190A0}.Debug|iPhoneSimulator.Build.0 = Debug|Any CPU
		{692E9BAB-E7D1-4123-BFFA-F3AF0E5190A0}.Debug|x64.ActiveCfg = Debug|Any CPU
		{692E9BAB-E7D1-4123-BFFA-F3AF0E5190A0}.Debug|x64.Build.0 = Debug|Any CPU
		{692E9BAB-E7D1-4123-BFFA-F3AF0E5190A0}.Debug|x86.ActiveCfg = Debug|Any CPU
		{692E9BAB-E7D1-4123-BFFA-F3AF0E5190A0}.Debug|x86.Build.0 = Debug|Any CPU
		{692E9BAB-E7D1-4123-BFFA-F3AF0E5190A0}.Release|Any CPU.ActiveCfg = Release|Any CPU
		{692E9BAB-E7D1-4123-BFFA-F3AF0E5190A0}.Release|Any CPU.Build.0 = Release|Any CPU
		{692E9BAB-E7D1-4123-BFFA-F3AF0E5190A0}.Release|ARM.ActiveCfg = Release|Any CPU
		{692E9BAB-E7D1-4123-BFFA-F3AF0E5190A0}.Release|ARM.Build.0 = Release|Any CPU
		{692E9BAB-E7D1-4123-BFFA-F3AF0E5190A0}.Release|iPhone.ActiveCfg = Release|Any CPU
		{692E9BAB-E7D1-4123-BFFA-F3AF0E5190A0}.Release|iPhone.Build.0 = Release|Any CPU
		{692E9BAB-E7D1-4123-BFFA-F3AF0E5190A0}.Release|iPhoneSimulator.ActiveCfg = Release|Any CPU
		{692E9BAB-E7D1-4123-BFFA-F3AF0E5190A0}.Release|iPhoneSimulator.Build.0 = Release|Any CPU
		{692E9BAB-E7D1-4123-BFFA-F3AF0E5190A0}.Release|x64.ActiveCfg = Release|Any CPU
		{692E9BAB-E7D1-4123-BFFA-F3AF0E5190A0}.Release|x64.Build.0 = Release|Any CPU
		{692E9BAB-E7D1-4123-BFFA-F3AF0E5190A0}.Release|x86.ActiveCfg = Release|Any CPU
		{692E9BAB-E7D1-4123-BFFA-F3AF0E5190A0}.Release|x86.Build.0 = Release|Any CPU
		{B3E672EB-EED4-4064-96AA-7F4C795D8A41}.Debug|Any CPU.ActiveCfg = Debug|Any CPU
		{B3E672EB-EED4-4064-96AA-7F4C795D8A41}.Debug|Any CPU.Build.0 = Debug|Any CPU
		{B3E672EB-EED4-4064-96AA-7F4C795D8A41}.Debug|Any CPU.Deploy.0 = Debug|Any CPU
		{B3E672EB-EED4-4064-96AA-7F4C795D8A41}.Debug|ARM.ActiveCfg = Debug|Any CPU
		{B3E672EB-EED4-4064-96AA-7F4C795D8A41}.Debug|ARM.Build.0 = Debug|Any CPU
		{B3E672EB-EED4-4064-96AA-7F4C795D8A41}.Debug|ARM.Deploy.0 = Debug|Any CPU
		{B3E672EB-EED4-4064-96AA-7F4C795D8A41}.Debug|iPhone.ActiveCfg = Debug|Any CPU
		{B3E672EB-EED4-4064-96AA-7F4C795D8A41}.Debug|iPhone.Build.0 = Debug|Any CPU
		{B3E672EB-EED4-4064-96AA-7F4C795D8A41}.Debug|iPhone.Deploy.0 = Debug|Any CPU
		{B3E672EB-EED4-4064-96AA-7F4C795D8A41}.Debug|iPhoneSimulator.ActiveCfg = Debug|Any CPU
		{B3E672EB-EED4-4064-96AA-7F4C795D8A41}.Debug|iPhoneSimulator.Build.0 = Debug|Any CPU
		{B3E672EB-EED4-4064-96AA-7F4C795D8A41}.Debug|iPhoneSimulator.Deploy.0 = Debug|Any CPU
		{B3E672EB-EED4-4064-96AA-7F4C795D8A41}.Debug|x64.ActiveCfg = Debug|Any CPU
		{B3E672EB-EED4-4064-96AA-7F4C795D8A41}.Debug|x64.Build.0 = Debug|Any CPU
		{B3E672EB-EED4-4064-96AA-7F4C795D8A41}.Debug|x64.Deploy.0 = Debug|Any CPU
		{B3E672EB-EED4-4064-96AA-7F4C795D8A41}.Debug|x86.ActiveCfg = Debug|Any CPU
		{B3E672EB-EED4-4064-96AA-7F4C795D8A41}.Debug|x86.Build.0 = Debug|Any CPU
		{B3E672EB-EED4-4064-96AA-7F4C795D8A41}.Debug|x86.Deploy.0 = Debug|Any CPU
		{B3E672EB-EED4-4064-96AA-7F4C795D8A41}.Release|Any CPU.ActiveCfg = Release|Any CPU
		{B3E672EB-EED4-4064-96AA-7F4C795D8A41}.Release|Any CPU.Build.0 = Release|Any CPU
		{B3E672EB-EED4-4064-96AA-7F4C795D8A41}.Release|Any CPU.Deploy.0 = Release|Any CPU
		{B3E672EB-EED4-4064-96AA-7F4C795D8A41}.Release|ARM.ActiveCfg = Release|Any CPU
		{B3E672EB-EED4-4064-96AA-7F4C795D8A41}.Release|ARM.Build.0 = Release|Any CPU
		{B3E672EB-EED4-4064-96AA-7F4C795D8A41}.Release|ARM.Deploy.0 = Release|Any CPU
		{B3E672EB-EED4-4064-96AA-7F4C795D8A41}.Release|iPhone.ActiveCfg = Release|Any CPU
		{B3E672EB-EED4-4064-96AA-7F4C795D8A41}.Release|iPhone.Build.0 = Release|Any CPU
		{B3E672EB-EED4-4064-96AA-7F4C795D8A41}.Release|iPhone.Deploy.0 = Release|Any CPU
		{B3E672EB-EED4-4064-96AA-7F4C795D8A41}.Release|iPhoneSimulator.ActiveCfg = Release|Any CPU
		{B3E672EB-EED4-4064-96AA-7F4C795D8A41}.Release|iPhoneSimulator.Build.0 = Release|Any CPU
		{B3E672EB-EED4-4064-96AA-7F4C795D8A41}.Release|iPhoneSimulator.Deploy.0 = Release|Any CPU
		{B3E672EB-EED4-4064-96AA-7F4C795D8A41}.Release|x64.ActiveCfg = Release|Any CPU
		{B3E672EB-EED4-4064-96AA-7F4C795D8A41}.Release|x64.Build.0 = Release|Any CPU
		{B3E672EB-EED4-4064-96AA-7F4C795D8A41}.Release|x64.Deploy.0 = Release|Any CPU
		{B3E672EB-EED4-4064-96AA-7F4C795D8A41}.Release|x86.ActiveCfg = Release|Any CPU
		{B3E672EB-EED4-4064-96AA-7F4C795D8A41}.Release|x86.Build.0 = Release|Any CPU
		{B3E672EB-EED4-4064-96AA-7F4C795D8A41}.Release|x86.Deploy.0 = Release|Any CPU
		{896FB426-A751-4D0C-A6E7-E61C4A072236}.Debug|Any CPU.ActiveCfg = Debug|iPhone
		{896FB426-A751-4D0C-A6E7-E61C4A072236}.Debug|ARM.ActiveCfg = Debug|iPhone
		{896FB426-A751-4D0C-A6E7-E61C4A072236}.Debug|iPhone.ActiveCfg = Debug|iPhone
		{896FB426-A751-4D0C-A6E7-E61C4A072236}.Debug|iPhone.Build.0 = Debug|iPhone
		{896FB426-A751-4D0C-A6E7-E61C4A072236}.Debug|iPhoneSimulator.ActiveCfg = Debug|iPhoneSimulator
		{896FB426-A751-4D0C-A6E7-E61C4A072236}.Debug|iPhoneSimulator.Build.0 = Debug|iPhoneSimulator
		{896FB426-A751-4D0C-A6E7-E61C4A072236}.Debug|x64.ActiveCfg = Debug|iPhone
		{896FB426-A751-4D0C-A6E7-E61C4A072236}.Debug|x86.ActiveCfg = Debug|iPhone
		{896FB426-A751-4D0C-A6E7-E61C4A072236}.Release|Any CPU.ActiveCfg = Release|iPhone
		{896FB426-A751-4D0C-A6E7-E61C4A072236}.Release|ARM.ActiveCfg = Release|iPhone
		{896FB426-A751-4D0C-A6E7-E61C4A072236}.Release|iPhone.ActiveCfg = Release|iPhone
		{896FB426-A751-4D0C-A6E7-E61C4A072236}.Release|iPhone.Build.0 = Release|iPhone
		{896FB426-A751-4D0C-A6E7-E61C4A072236}.Release|iPhoneSimulator.ActiveCfg = Release|iPhoneSimulator
		{896FB426-A751-4D0C-A6E7-E61C4A072236}.Release|iPhoneSimulator.Build.0 = Release|iPhoneSimulator
		{896FB426-A751-4D0C-A6E7-E61C4A072236}.Release|x64.ActiveCfg = Release|iPhone
		{896FB426-A751-4D0C-A6E7-E61C4A072236}.Release|x86.ActiveCfg = Release|iPhone
		{EF35030E-F317-4278-AF34-AFB3497415DF}.Debug|Any CPU.ActiveCfg = Debug|x86
		{EF35030E-F317-4278-AF34-AFB3497415DF}.Debug|ARM.ActiveCfg = Debug|ARM
		{EF35030E-F317-4278-AF34-AFB3497415DF}.Debug|ARM.Build.0 = Debug|ARM
		{EF35030E-F317-4278-AF34-AFB3497415DF}.Debug|ARM.Deploy.0 = Debug|ARM
		{EF35030E-F317-4278-AF34-AFB3497415DF}.Debug|iPhone.ActiveCfg = Debug|x86
		{EF35030E-F317-4278-AF34-AFB3497415DF}.Debug|iPhoneSimulator.ActiveCfg = Debug|x86
		{EF35030E-F317-4278-AF34-AFB3497415DF}.Debug|x64.ActiveCfg = Debug|x64
		{EF35030E-F317-4278-AF34-AFB3497415DF}.Debug|x64.Build.0 = Debug|x64
		{EF35030E-F317-4278-AF34-AFB3497415DF}.Debug|x64.Deploy.0 = Debug|x64
		{EF35030E-F317-4278-AF34-AFB3497415DF}.Debug|x86.ActiveCfg = Debug|x86
		{EF35030E-F317-4278-AF34-AFB3497415DF}.Debug|x86.Build.0 = Debug|x86
		{EF35030E-F317-4278-AF34-AFB3497415DF}.Debug|x86.Deploy.0 = Debug|x86
		{EF35030E-F317-4278-AF34-AFB3497415DF}.Release|Any CPU.ActiveCfg = Release|x86
		{EF35030E-F317-4278-AF34-AFB3497415DF}.Release|ARM.ActiveCfg = Release|ARM
		{EF35030E-F317-4278-AF34-AFB3497415DF}.Release|ARM.Build.0 = Release|ARM
		{EF35030E-F317-4278-AF34-AFB3497415DF}.Release|ARM.Deploy.0 = Release|ARM
		{EF35030E-F317-4278-AF34-AFB3497415DF}.Release|iPhone.ActiveCfg = Release|x86
		{EF35030E-F317-4278-AF34-AFB3497415DF}.Release|iPhoneSimulator.ActiveCfg = Release|x86
		{EF35030E-F317-4278-AF34-AFB3497415DF}.Release|x64.ActiveCfg = Release|x64
		{EF35030E-F317-4278-AF34-AFB3497415DF}.Release|x64.Build.0 = Release|x64
		{EF35030E-F317-4278-AF34-AFB3497415DF}.Release|x64.Deploy.0 = Release|x64
		{EF35030E-F317-4278-AF34-AFB3497415DF}.Release|x86.ActiveCfg = Release|x86
		{EF35030E-F317-4278-AF34-AFB3497415DF}.Release|x86.Build.0 = Release|x86
		{EF35030E-F317-4278-AF34-AFB3497415DF}.Release|x86.Deploy.0 = Release|x86
	EndGlobalSection
	GlobalSection(SolutionProperties) = preSolution
		HideSolutionNode = FALSE
	EndGlobalSection
EndGlobal
